
Microsoft Visual Studio Solution File, Format Version 12.00
# Visual Studio Version 17
VisualStudioVersion = 17.5.33502.453
MinimumVisualStudioVersion = 10.0.40219.1
Project("{8BC9CEB8-8B4A-11D0-8D11-00A0C91BC942}") = "DataStructure_Algorithm", "DataStructure_Algorithm\DataStructure_Algorithm.vcxproj", "{B4BBA8CB-9F9D-46D9-BD57-7B74BDADD987}"
EndProject
Project("{8BC9CEB8-8B4A-11D0-8D11-00A0C91BC942}") = "02_链表", "02_链表\02_链表.vcxproj", "{DE6F49A0-716C-414F-9E4C-37BFD57E5E59}"
EndProject
Project("{8BC9CEB8-8B4A-11D0-8D11-00A0C91BC942}") = "03_单循环链表", "03_单循环链表\03_单循环链表.vcxproj", "{8430FF1E-2953-493D-89AA-A1C585F9E46E}"
EndProject
Project("{8BC9CEB8-8B4A-11D0-8D11-00A0C91BC942}") = "04_双向循环链表", "双向循环链表\双向循环链表.vcxproj", "{E5F0A048-DE07-41E0-BD83-DD79848A241D}"
EndProject
Project("{8BC9CEB8-8B4A-11D0-8D11-00A0C91BC942}") = "05_栈", "05_栈\05_栈.vcxproj", "{2F22B650-FB2C-45D4-973F-98132B787047}"
EndProject
Project("{8BC9CEB8-8B4A-11D0-8D11-00A0C91BC942}") = "06_队列", "06_队列\06_队列.vcxproj", "{7FBC3D0E-76D4-494C-83FF-9475A4F080AC}"
EndProject
Project("{8BC9CEB8-8B4A-11D0-8D11-00A0C91BC942}") = "07_二分搜索算法", "10_二分搜索算法\10_二分搜索算法.vcxproj", "{86985431-86F8-48F1-AFC7-255854DB705D}"
EndProject
Project("{8BC9CEB8-8B4A-11D0-8D11-00A0C91BC942}") = "08_基础排序", "08_基础排序\08_基础排序.vcxproj", "{655A6FFE-2D97-44C6-94D8-0847A2078127}"
EndProject
Project("{8BC9CEB8-8B4A-11D0-8D11-00A0C91BC942}") = "09_快速排序", "09_快速排序\09_快速排序.vcxproj", "{78871809-D509-4D85-9373-FDE91E4E0BD2}"
EndProject
Project("{8BC9CEB8-8B4A-11D0-8D11-00A0C91BC942}") = "10_归并排序", "10_归并排序\10_归并排序.vcxproj", "{15F9F449-F286-460E-A62A-E6FD5A24BB6B}"
EndProject
Project("{8BC9CEB8-8B4A-11D0-8D11-00A0C91BC942}") = "11_二叉堆", "11_二叉堆\11_二叉堆.vcxproj", "{89544F22-15B1-4F35-B129-02AD1BB636DE}"
EndProject
Project("{8BC9CEB8-8B4A-11D0-8D11-00A0C91BC942}") = "12_堆排序", "12_堆排序\12_堆排序.vcxproj", "{43CB3C2D-0C59-4F87-980A-C14456445228}"
EndProject
Project("{8BC9CEB8-8B4A-11D0-8D11-00A0C91BC942}") = "13_快排分割解决topK问题", "13_快排分割解决topK问题\13_快排分割解决topK问题.vcxproj", "{0C9B4EA0-D805-40E5-8850-5F2E4035DAFE}"
EndProject
Project("{8BC9CEB8-8B4A-11D0-8D11-00A0C91BC942}") = "14_回溯算法", "14_回溯算法\14_回溯算法.vcxproj", "{8A17B35C-E520-4FAE-B302-478C26991917}"
EndProject
Global
	GlobalSection(SolutionConfigurationPlatforms) = preSolution
		Debug|x64 = Debug|x64
		Debug|x86 = Debug|x86
		Release|x64 = Release|x64
		Release|x86 = Release|x86
	EndGlobalSection
	GlobalSection(ProjectConfigurationPlatforms) = postSolution
		{B4BBA8CB-9F9D-46D9-BD57-7B74BDADD987}.Debug|x64.ActiveCfg = Debug|x64
		{B4BBA8CB-9F9D-46D9-BD57-7B74BDADD987}.Debug|x64.Build.0 = Debug|x64
		{B4BBA8CB-9F9D-46D9-BD57-7B74BDADD987}.Debug|x86.ActiveCfg = Debug|Win32
		{B4BBA8CB-9F9D-46D9-BD57-7B74BDADD987}.Debug|x86.Build.0 = Debug|Win32
		{B4BBA8CB-9F9D-46D9-BD57-7B74BDADD987}.Release|x64.ActiveCfg = Release|x64
		{B4BBA8CB-9F9D-46D9-BD57-7B74BDADD987}.Release|x64.Build.0 = Release|x64
		{B4BBA8CB-9F9D-46D9-BD57-7B74BDADD987}.Release|x86.ActiveCfg = Release|Win32
		{B4BBA8CB-9F9D-46D9-BD57-7B74BDADD987}.Release|x86.Build.0 = Release|Win32
		{DE6F49A0-716C-414F-9E4C-37BFD57E5E59}.Debug|x64.ActiveCfg = Debug|x64
		{DE6F49A0-716C-414F-9E4C-37BFD57E5E59}.Debug|x64.Build.0 = Debug|x64
		{DE6F49A0-716C-414F-9E4C-37BFD57E5E59}.Debug|x86.ActiveCfg = Debug|Win32
		{DE6F49A0-716C-414F-9E4C-37BFD57E5E59}.Debug|x86.Build.0 = Debug|Win32
		{DE6F49A0-716C-414F-9E4C-37BFD57E5E59}.Release|x64.ActiveCfg = Release|x64
		{DE6F49A0-716C-414F-9E4C-37BFD57E5E59}.Release|x64.Build.0 = Release|x64
		{DE6F49A0-716C-414F-9E4C-37BFD57E5E59}.Release|x86.ActiveCfg = Release|Win32
		{DE6F49A0-716C-414F-9E4C-37BFD57E5E59}.Release|x86.Build.0 = Release|Win32
		{8430FF1E-2953-493D-89AA-A1C585F9E46E}.Debug|x64.ActiveCfg = Debug|x64
		{8430FF1E-2953-493D-89AA-A1C585F9E46E}.Debug|x64.Build.0 = Debug|x64
		{8430FF1E-2953-493D-89AA-A1C585F9E46E}.Debug|x86.ActiveCfg = Debug|Win32
		{8430FF1E-2953-493D-89AA-A1C585F9E46E}.Debug|x86.Build.0 = Debug|Win32
		{8430FF1E-2953-493D-89AA-A1C585F9E46E}.Release|x64.ActiveCfg = Release|x64
		{8430FF1E-2953-493D-89AA-A1C585F9E46E}.Release|x64.Build.0 = Release|x64
		{8430FF1E-2953-493D-89AA-A1C585F9E46E}.Release|x86.ActiveCfg = Release|Win32
		{8430FF1E-2953-493D-89AA-A1C585F9E46E}.Release|x86.Build.0 = Release|Win32
		{E5F0A048-DE07-41E0-BD83-DD79848A241D}.Debug|x64.ActiveCfg = Debug|x64
		{E5F0A048-DE07-41E0-BD83-DD79848A241D}.Debug|x64.Build.0 = Debug|x64
		{E5F0A048-DE07-41E0-BD83-DD79848A241D}.Debug|x86.ActiveCfg = Debug|Win32
		{E5F0A048-DE07-41E0-BD83-DD79848A241D}.Debug|x86.Build.0 = Debug|Win32
		{E5F0A048-DE07-41E0-BD83-DD79848A241D}.Release|x64.ActiveCfg = Release|x64
		{E5F0A048-DE07-41E0-BD83-DD79848A241D}.Release|x64.Build.0 = Release|x64
		{E5F0A048-DE07-41E0-BD83-DD79848A241D}.Release|x86.ActiveCfg = Release|Win32
		{E5F0A048-DE07-41E0-BD83-DD79848A241D}.Release|x86.Build.0 = Release|Win32
		{2F22B650-FB2C-45D4-973F-98132B787047}.Debug|x64.ActiveCfg = Debug|x64
		{2F22B650-FB2C-45D4-973F-98132B787047}.Debug|x64.Build.0 = Debug|x64
		{2F22B650-FB2C-45D4-973F-98132B787047}.Debug|x86.ActiveCfg = Debug|Win32
		{2F22B650-FB2C-45D4-973F-98132B787047}.Debug|x86.Build.0 = Debug|Win32
		{2F22B650-FB2C-45D4-973F-98132B787047}.Release|x64.ActiveCfg = Release|x64
		{2F22B650-FB2C-45D4-973F-98132B787047}.Release|x64.Build.0 = Release|x64
		{2F22B650-FB2C-45D4-973F-98132B787047}.Release|x86.ActiveCfg = Release|Win32
		{2F22B650-FB2C-45D4-973F-98132B787047}.Release|x86.Build.0 = Release|Win32
		{7FBC3D0E-76D4-494C-83FF-9475A4F080AC}.Debug|x64.ActiveCfg = Debug|x64
		{7FBC3D0E-76D4-494C-83FF-9475A4F080AC}.Debug|x64.Build.0 = Debug|x64
		{7FBC3D0E-76D4-494C-83FF-9475A4F080AC}.Debug|x86.ActiveCfg = Debug|Win32
		{7FBC3D0E-76D4-494C-83FF-9475A4F080AC}.Debug|x86.Build.0 = Debug|Win32
		{7FBC3D0E-76D4-494C-83FF-9475A4F080AC}.Release|x64.ActiveCfg = Release|x64
		{7FBC3D0E-76D4-494C-83FF-9475A4F080AC}.Release|x64.Build.0 = Release|x64
		{7FBC3D0E-76D4-494C-83FF-9475A4F080AC}.Release|x86.ActiveCfg = Release|Win32
		{7FBC3D0E-76D4-494C-83FF-9475A4F080AC}.Release|x86.Build.0 = Release|Win32
		{86985431-86F8-48F1-AFC7-255854DB705D}.Debug|x64.ActiveCfg = Debug|x64
		{86985431-86F8-48F1-AFC7-255854DB705D}.Debug|x64.Build.0 = Debug|x64
		{86985431-86F8-48F1-AFC7-255854DB705D}.Debug|x86.ActiveCfg = Debug|Win32
		{86985431-86F8-48F1-AFC7-255854DB705D}.Debug|x86.Build.0 = Debug|Win32
		{86985431-86F8-48F1-AFC7-255854DB705D}.Release|x64.ActiveCfg = Release|x64
		{86985431-86F8-48F1-AFC7-255854DB705D}.Release|x64.Build.0 = Release|x64
		{86985431-86F8-48F1-AFC7-255854DB705D}.Release|x86.ActiveCfg = Release|Win32
		{86985431-86F8-48F1-AFC7-255854DB705D}.Release|x86.Build.0 = Release|Win32
		{655A6FFE-2D97-44C6-94D8-0847A2078127}.Debug|x64.ActiveCfg = Debug|x64
		{655A6FFE-2D97-44C6-94D8-0847A2078127}.Debug|x64.Build.0 = Debug|x64
		{655A6FFE-2D97-44C6-94D8-0847A2078127}.Debug|x86.ActiveCfg = Debug|Win32
		{655A6FFE-2D97-44C6-94D8-0847A2078127}.Debug|x86.Build.0 = Debug|Win32
		{655A6FFE-2D97-44C6-94D8-0847A2078127}.Release|x64.ActiveCfg = Release|x64
		{655A6FFE-2D97-44C6-94D8-0847A2078127}.Release|x64.Build.0 = Release|x64
		{655A6FFE-2D97-44C6-94D8-0847A2078127}.Release|x86.ActiveCfg = Release|Win32
		{655A6FFE-2D97-44C6-94D8-0847A2078127}.Release|x86.Build.0 = Release|Win32
		{78871809-D509-4D85-9373-FDE91E4E0BD2}.Debug|x64.ActiveCfg = Debug|x64
		{78871809-D509-4D85-9373-FDE91E4E0BD2}.Debug|x64.Build.0 = Debug|x64
		{78871809-D509-4D85-9373-FDE91E4E0BD2}.Debug|x86.ActiveCfg = Debug|Win32
		{78871809-D509-4D85-9373-FDE91E4E0BD2}.Debug|x86.Build.0 = Debug|Win32
		{78871809-D509-4D85-9373-FDE91E4E0BD2}.Release|x64.ActiveCfg = Release|x64
		{78871809-D509-4D85-9373-FDE91E4E0BD2}.Release|x64.Build.0 = Release|x64
		{78871809-D509-4D85-9373-FDE91E4E0BD2}.Release|x86.ActiveCfg = Release|Win32
		{78871809-D509-4D85-9373-FDE91E4E0BD2}.Release|x86.Build.0 = Release|Win32
		{15F9F449-F286-460E-A62A-E6FD5A24BB6B}.Debug|x64.ActiveCfg = Debug|x64
		{15F9F449-F286-460E-A62A-E6FD5A24BB6B}.Debug|x64.Build.0 = Debug|x64
		{15F9F449-F286-460E-A62A-E6FD5A24BB6B}.Debug|x86.ActiveCfg = Debug|Win32
		{15F9F449-F286-460E-A62A-E6FD5A24BB6B}.Debug|x86.Build.0 = Debug|Win32
		{15F9F449-F286-460E-A62A-E6FD5A24BB6B}.Release|x64.ActiveCfg = Release|x64
		{15F9F449-F286-460E-A62A-E6FD5A24BB6B}.Release|x64.Build.0 = Release|x64
		{15F9F449-F286-460E-A62A-E6FD5A24BB6B}.Release|x86.ActiveCfg = Release|Win32
		{15F9F449-F286-460E-A62A-E6FD5A24BB6B}.Release|x86.Build.0 = Release|Win32
		{89544F22-15B1-4F35-B129-02AD1BB636DE}.Debug|x64.ActiveCfg = Debug|x64
		{89544F22-15B1-4F35-B129-02AD1BB636DE}.Debug|x64.Build.0 = Debug|x64
		{89544F22-15B1-4F35-B129-02AD1BB636DE}.Debug|x86.ActiveCfg = Debug|Win32
		{89544F22-15B1-4F35-B129-02AD1BB636DE}.Debug|x86.Build.0 = Debug|Win32
		{89544F22-15B1-4F35-B129-02AD1BB636DE}.Release|x64.ActiveCfg = Release|x64
		{89544F22-15B1-4F35-B129-02AD1BB636DE}.Release|x64.Build.0 = Release|x64
		{89544F22-15B1-4F35-B129-02AD1BB636DE}.Release|x86.ActiveCfg = Release|Win32
		{89544F22-15B1-4F35-B129-02AD1BB636DE}.Release|x86.Build.0 = Release|Win32
		{43CB3C2D-0C59-4F87-980A-C14456445228}.Debug|x64.ActiveCfg = Debug|x64
		{43CB3C2D-0C59-4F87-980A-C14456445228}.Debug|x64.Build.0 = Debug|x64
		{43CB3C2D-0C59-4F87-980A-C14456445228}.Debug|x86.ActiveCfg = Debug|Win32
		{43CB3C2D-0C59-4F87-980A-C14456445228}.Debug|x86.Build.0 = Debug|Win32
		{43CB3C2D-0C59-4F87-980A-C14456445228}.Release|x64.ActiveCfg = Release|x64
		{43CB3C2D-0C59-4F87-980A-C14456445228}.Release|x64.Build.0 = Release|x64
		{43CB3C2D-0C59-4F87-980A-C14456445228}.Release|x86.ActiveCfg = Release|Win32
		{43CB3C2D-0C59-4F87-980A-C14456445228}.Release|x86.Build.0 = Release|Win32
		{0C9B4EA0-D805-40E5-8850-5F2E4035DAFE}.Debug|x64.ActiveCfg = Debug|x64
		{0C9B4EA0-D805-40E5-8850-5F2E4035DAFE}.Debug|x64.Build.0 = Debug|x64
		{0C9B4EA0-D805-40E5-8850-5F2E4035DAFE}.Debug|x86.ActiveCfg = Debug|Win32
		{0C9B4EA0-D805-40E5-8850-5F2E4035DAFE}.Debug|x86.Build.0 = Debug|Win32
		{0C9B4EA0-D805-40E5-8850-5F2E4035DAFE}.Release|x64.ActiveCfg = Release|x64
		{0C9B4EA0-D805-40E5-8850-5F2E4035DAFE}.Release|x64.Build.0 = Release|x64
		{0C9B4EA0-D805-40E5-8850-5F2E4035DAFE}.Release|x86.ActiveCfg = Release|Win32
		{0C9B4EA0-D805-40E5-8850-5F2E4035DAFE}.Release|x86.Build.0 = Release|Win32
		{8A17B35C-E520-4FAE-B302-478C26991917}.Debug|x64.ActiveCfg = Debug|x64
		{8A17B35C-E520-4FAE-B302-478C26991917}.Debug|x64.Build.0 = Debug|x64
		{8A17B35C-E520-4FAE-B302-478C26991917}.Debug|x86.ActiveCfg = Debug|Win32
		{8A17B35C-E520-4FAE-B302-478C26991917}.Debug|x86.Build.0 = Debug|Win32
		{8A17B35C-E520-4FAE-B302-478C26991917}.Release|x64.ActiveCfg = Release|x64
		{8A17B35C-E520-4FAE-B302-478C26991917}.Release|x64.Build.0 = Release|x64
		{8A17B35C-E520-4FAE-B302-478C26991917}.Release|x86.ActiveCfg = Release|Win32
		{8A17B35C-E520-4FAE-B302-478C26991917}.Release|x86.Build.0 = Release|Win32
	EndGlobalSection
	GlobalSection(SolutionProperties) = preSolution
		HideSolutionNode = FALSE
	EndGlobalSection
	GlobalSection(ExtensibilityGlobals) = postSolution
		SolutionGuid = {7C607D1B-26BA-4E86-9EA5-59AEACD8DA4D}
	EndGlobalSection
EndGlobal
