<?xml version="1.0" encoding="utf-8"?>
<Project ToolsVersion="4.0" xmlns="http://schemas.microsoft.com/developer/msbuild/2003">
  <ItemGroup>
    <Filter Include="源文件">
      <UniqueIdentifier>{4FC737F1-C7A5-4376-A066-2A32D752A2FF}</UniqueIdentifier>
      <Extensions>cpp;c;cc;cxx;c++;cppm;ixx;def;odl;idl;hpj;bat;asm;asmx</Extensions>
    </Filter>
    <Filter Include="头文件">
      <UniqueIdentifier>{93995380-89BD-4b04-88EB-625FBE52EBFB}</UniqueIdentifier>
      <Extensions>h;hh;hpp;hxx;h++;hm;inl;inc;ipp;xsd</Extensions>
    </Filter>
    <Filter Include="资源文件">
      <UniqueIdentifier>{67DA6AB6-F800-4c08-8B7A-83BB121AAD01}</UniqueIdentifier>
      <Extensions>rc;ico;cur;bmp;dlg;rc2;rct;bin;rgs;gif;jpg;jpeg;jpe;resx;tiff;tif;png;wav;mfcribbon-ms</Extensions>
    </Filter>
    <Filter Include="源文件\04_归并排序及其相关面试题">
      <UniqueIdentifier>{15d50478-96d0-45e2-a106-3f90fc6db3b7}</UniqueIdentifier>
    </Filter>
    <Filter Include="源文件\03_异或运算">
      <UniqueIdentifier>{03215349-4e11-4707-8dd3-53368fb66cfa}</UniqueIdentifier>
    </Filter>
    <Filter Include="源文件\05_归并排序附加题与随机快速排序">
      <UniqueIdentifier>{d8bb666d-72ae-4914-9f62-c0e52fdcf762}</UniqueIdentifier>
    </Filter>
  </ItemGroup>
  <ItemGroup>
    <ClCompile Include="..\数据结构与算法体系班\04_归并排序及其相关面试题\test.cpp">
      <Filter>源文件</Filter>
    </ClCompile>
    <ClCompile Include="..\数据结构与算法体系班\04_归并排序及其相关面试题\1_归并排序的递归和非递归实现.cpp">
      <Filter>源文件\04_归并排序及其相关面试题</Filter>
    </ClCompile>
    <ClCompile Include="..\数据结构与算法体系班\异或运算\5_.cpp">
      <Filter>源文件\03_异或运算</Filter>
    </ClCompile>
    <ClCompile Include="..\数据结构与算法体系班\异或运算\4_.cpp">
      <Filter>源文件\03_异或运算</Filter>
    </ClCompile>
    <ClCompile Include="..\数据结构与算法体系班\异或运算\3_.cpp">
      <Filter>源文件\03_异或运算</Filter>
    </ClCompile>
    <ClCompile Include="..\数据结构与算法体系班\异或运算\2_.cpp">
      <Filter>源文件\03_异或运算</Filter>
    </ClCompile>
    <ClCompile Include="..\数据结构与算法体系班\异或运算\1_不使用第三个变量交换两个变量的值.cpp">
      <Filter>源文件\03_异或运算</Filter>
    </ClCompile>
    <ClCompile Include="2_小和问题.cpp">
      <Filter>源文件\04_归并排序及其相关面试题</Filter>
    </ClCompile>
    <ClCompile Include="3_逆序对总数.cpp">
      <Filter>源文件\04_归并排序及其相关面试题</Filter>
    </ClCompile>
    <ClCompile Include="4_BiggerThanRightTwice.cpp">
      <Filter>源文件\04_归并排序及其相关面试题</Filter>
    </ClCompile>
    <ClCompile Include="1_区间和的个数.cpp">
      <Filter>源文件\05_归并排序附加题与随机快速排序</Filter>
    </ClCompile>
    <ClCompile Include="2_快速排序的递归版本和非递归版本.cpp">
      <Filter>源文件\05_归并排序附加题与随机快速排序</Filter>
    </ClCompile>
  </ItemGroup>
</Project>